
Microsoft Visual Studio Solution File, Format Version 12.00
# Visual Studio Version 17
VisualStudioVersion = 17.12.35707.178 d17.12
MinimumVisualStudioVersion = 10.0.40219.1
Project("{FAE04EC0-301F-11D3-BF4B-00C04F79EFBC}") = "CSharpUserInputByBrocode", "CSharpUserInputByBrocode\CSharpUserInputByBrocode.csproj", "{B3E7AC07-5B94-497D-B6E7-0098A661D1E7}"
EndProject
Global
	GlobalSection(SolutionConfigurationPlatforms) = preSolution
		Debug|Any CPU = Debug|Any CPU
		Release|Any CPU = Release|Any CPU
	EndGlobalSection
	GlobalSection(ProjectConfigurationPlatforms) = postSolution
		{B3E7AC07-5B94-497D-B6E7-0098A661D1E7}.Debug|Any CPU.ActiveCfg = Debug|Any CPU
		{B3E7AC07-5B94-497D-B6E7-0098A661D1E7}.Debug|Any CPU.Build.0 = Debug|Any CPU
		{B3E7AC07-5B94-497D-B6E7-0098A661D1E7}.Release|Any CPU.ActiveCfg = Release|Any CPU
		{B3E7AC07-5B94-497D-B6E7-0098A661D1E7}.Release|Any CPU.Build.0 = Release|Any CPU
	EndGlobalSection
	GlobalSection(SolutionProperties) = preSolution
		HideSolutionNode = FALSE
	EndGlobalSection
EndGlobal
