
Microsoft Visual Studio Solution File, Format Version 12.00
# Visual Studio Version 17
VisualStudioVersion = 17.12.35707.178 d17.12
MinimumVisualStudioVersion = 10.0.40219.1
Project("{FAE04EC0-301F-11D3-BF4B-00C04F79EFBC}") = "CSharpToStringMethodByBroCode50.41", "CSharpToStringMethodByBroCode50.41\CSharpToStringMethodByBroCode50.41.csproj", "{22CB0D5F-6C20-4C45-9377-F1A68EFB0116}"
EndProject
Global
	GlobalSection(SolutionConfigurationPlatforms) = preSolution
		Debug|Any CPU = Debug|Any CPU
		Release|Any CPU = Release|Any CPU
	EndGlobalSection
	GlobalSection(ProjectConfigurationPlatforms) = postSolution
		{22CB0D5F-6C20-4C45-9377-F1A68EFB0116}.Debug|Any CPU.ActiveCfg = Debug|Any CPU
		{22CB0D5F-6C20-4C45-9377-F1A68EFB0116}.Debug|Any CPU.Build.0 = Debug|Any CPU
		{22CB0D5F-6C20-4C45-9377-F1A68EFB0116}.Release|Any CPU.ActiveCfg = Release|Any CPU
		{22CB0D5F-6C20-4C45-9377-F1A68EFB0116}.Release|Any CPU.Build.0 = Release|Any CPU
	EndGlobalSection
	GlobalSection(SolutionProperties) = preSolution
		HideSolutionNode = FALSE
	EndGlobalSection
EndGlobal
